// !$*UTF8*$!
{
	archiveVersion = 1;
	classes = {
	};
	objectVersion = 46;
	objects = {

/* Begin PBXBuildFile section */
		AEA48C7D1A0F5D4500A9247C /* main.m in Sources */ = {isa = PBXBuildFile; fileRef = AEA48C7C1A0F5D4500A9247C /* main.m */; };
		AECE66AC1A0F69D800FEC6FA /* Asset.m in Sources */ = {isa = PBXBuildFile; fileRef = AECE66AB1A0F69D800FEC6FA /* Asset.m */; };
/* End PBXBuildFile section */

/* Begin PBXCopyFilesBuildPhase section */
		AEA48C771A0F5D4500A9247C /* CopyFiles */ = {
			isa = PBXCopyFilesBuildPhase;
			buildActionMask = 2147483647;
			dstPath = /usr/share/man/man1/;
			dstSubfolderSpec = 0;
			files = (
			);
			runOnlyForDeploymentPostprocessing = 1;
		};
/* End PBXCopyFilesBuildPhase section */

/* Begin PBXFileReference section */
		AEA48C791A0F5D4500A9247C /* Adv2_3 */ = {isa = PBXFileReference; explicitFileType = "compiled.mach-o.executable"; includeInIndex = 0; path = Adv2_3; sourceTree = BUILT_PRODUCTS_DIR; };
		AEA48C7C1A0F5D4500A9247C /* main.m */ = {isa = PBXFileReference; lastKnownFileType = sourcecode.c.objc; path = main.m; sourceTree = "<group>"; };
		AECE66AA1A0F69D700FEC6FA /* Asset.h */ = {isa = PBXFileReference; fileEncoding = 4; lastKnownFileType = sourcecode.c.h; path = Asset.h; sourceTree = "<group>"; };
		AECE66AB1A0F69D800FEC6FA /* Asset.m */ = {isa = PBXFileReference; fileEncoding = 4; lastKnownFileType = sourcecode.c.objc; path = Asset.m; sourceTree = "<group>"; };
/* End PBXFileReference section */

/* Begin PBXFrameworksBuildPhase section */
		AEA48C761A0F5D4500A9247C /* Frameworks */ = {
			isa = PBXFrameworksBuildPhase;
			buildActionMask = 2147483647;
			files = (
			);
			runOnlyForDeploymentPostprocessing = 0;
		};
/* End PBXFrameworksBuildPhase section */

/* Begin PBXGroup section */
		AEA48C701A0F5D4500A9247C = {
			isa = PBXGroup;
			children = (
				AEA48C7B1A0F5D4500A9247C /* Adv2_3 */,
				AEA48C7A1A0F5D4500A9247C /* Products */,
			);
			sourceTree = "<group>";
		};
		AEA48C7A1A0F5D4500A9247C /* Products */ = {
			isa = PBXGroup;
			children = (
				AEA48C791A0F5D4500A9247C /* Adv2_3 */,
			);
			name = Products;
			sourceTree = "<group>";
		};
		AEA48C7B1A0F5D4500A9247C /* Adv2_3 */ = {
			isa = PBXGroup;
			children = (
				AEA48C7C1A0F5D4500A9247C /* main.m */,
				AECE66AA1A0F69D700FEC6FA /* Asset.h */,
				AECE66AB1A0F69D800FEC6FA /* Asset.m */,
			);
			path = Adv2_3;
			sourceTree = "<group>";
		};
/* End PBXGroup section */

/* Begin PBXNativeTarget section */
		AEA48C781A0F5D4500A9247C /* Adv2_3 */ = {
			isa = PBXNativeTarget;
			buildConfigurationList = AEA48C801A0F5D4500A9247C /* Build configuration list for PBXNativeTarget "Adv2_3" */;
			buildPhases = (
				AEA48C751A0F5D4500A9247C /* Sources */,
				AEA48C761A0F5D4500A9247C /* Frameworks */,
				AEA48C771A0F5D4500A9247C /* CopyFiles */,
			);
			buildRules = (
			);
			dependencies = (
			);
			name = Adv2_3;
			productName = Adv2_3;
			productReference = AEA48C791A0F5D4500A9247C /* Adv2_3 */;
			productType = "com.apple.product-type.tool";
		};
/* End PBXNativeTarget section */

/* Begin PBXProject section */
		AEA48C711A0F5D4500A9247C /* Project object */ = {
			isa = PBXProject;
			attributes = {
				LastUpgradeCheck = 0610;
				ORGANIZATIONNAME = "pw's air";
				TargetAttributes = {
					AEA48C781A0F5D4500A9247C = {
						CreatedOnToolsVersion = 6.1;
					};
				};
			};
			buildConfigurationList = AEA48C741A0F5D4500A9247C /* Build configuration list for PBXProject "Adv2_3" */;
			compatibilityVersion = "Xcode 3.2";
			developmentRegion = English;
			hasScannedForEncodings = 0;
			knownRegions = (
				en,
			);
			mainGroup = AEA48C701A0F5D4500A9247C;
			productRefGroup = AEA48C7A1A0F5D4500A9247C /* Products */;
			projectDirPath = "";
			projectRoot = "";
			targets = (
				AEA48C781A0F5D4500A9247C /* Adv2_3 */,
			);
		};
/* End PBXProject section */

/* Begin PBXSourcesBuildPhase section */
		AEA48C751A0F5D4500A9247C /* Sources */ = {
			isa = PBXSourcesBuildPhase;
			buildActionMask = 2147483647;
			files = (
				AECE66AC1A0F69D800FEC6FA /* Asset.m in Sources */,
				AEA48C7D1A0F5D4500A9247C /* main.m in Sources */,
			);
			runOnlyForDeploymentPostprocessing = 0;
		};
/* End PBXSourcesBuildPhase section */

/* Begin XCBuildConfiguration section */
		AEA48C7E1A0F5D4500A9247C /* Debug */ = {
			isa = XCBuildConfiguration;
			buildSettings = {
				ALWAYS_SEARCH_USER_PATHS = NO;
				CLANG_CXX_LANGUAGE_STANDARD = "gnu++0x";
				CLANG_CXX_LIBRARY = "libc++";
				CLANG_ENABLE_MODULES = YES;
				CLANG_ENABLE_OBJC_ARC = YES;
				CLANG_WARN_BOOL_CONVERSION = YES;
				CLANG_WARN_CONSTANT_CONVERSION = YES;
				CLANG_WARN_DIRECT_OBJC_ISA_USAGE = YES_ERROR;
				CLANG_WARN_EMPTY_BODY = YES;
				CLANG_WARN_ENUM_CONVERSION = YES;
				CLANG_WARN_INT_CONVERSION = YES;
				CLANG_WARN_OBJC_ROOT_CLASS = YES_ERROR;
				CLANG_WARN_UNREACHABLE_CODE = YES;
				CLANG_WARN__DUPLICATE_METHOD_MATCH = YES;
				COPY_PHASE_STRIP = NO;
				ENABLE_STRICT_OBJC_MSGSEND = YES;
				GCC_C_LANGUAGE_STANDARD = gnu99;
				GCC_DYNAMIC_NO_PIC = NO;
				GCC_OPTIMIZATION_LEVEL = 0;
				GCC_PREPROCESSOR_DEFINITIONS = (
					"DEBUG=1",
					"$(inherited)",
				);
				GCC_SYMBOLS_PRIVATE_EXTERN = NO;
				GCC_WARN_64_TO_32_BIT_CONVERSION = YES;
				GCC_WARN_ABOUT_RETURN_TYPE = YES_ERROR;
				GCC_WARN_UNDECLARED_SELECTOR = YES;
				GCC_WARN_UNINITIALIZED_AUTOS = YES_AGGRESSIVE;
				GCC_WARN_UNUSED_FUNCTION = YES;
				GCC_WARN_UNUSED_VARIABLE = YES;
				MACOSX_DEPLOYMENT_TARGET = 10.9;
				MTL_ENABLE_DEBUG_INFO = YES;
				ONLY_ACTIVE_ARCH = YES;
				SDKROOT = macosx;
			};
			name = Debug;
		};
		AEA48C7F1A0F5D4500A9247C /* Release */ = {
			isa = XCBuildConfiguration;
			buildSettings = {
				ALWAYS_SEARCH_USER_PATHS = NO;
				CLANG_CXX_LANGUAGE_STANDARD = "gnu++0x";
				CLANG_CXX_LIBRARY = "libc++";
				CLANG_ENABLE_MODULES = YES;
				CLANG_ENABLE_OBJC_ARC = YES;
				CLANG_WARN_BOOL_CONVERSION = YES;
				CLANG_WARN_CONSTANT_CONVERSION = YES;
				CLANG_WARN_DIRECT_OBJC_ISA_USAGE = YES_ERROR;
				CLANG_WARN_EMPTY_BODY = YES;
				CLANG_WARN_ENUM_CONVERSION = YES;
				CLANG_WARN_INT_CONVERSION = YES;
				CLANG_WARN_OBJC_ROOT_CLASS = YES_ERROR;
				CLANG_WARN_UNREACHABLE_CODE = YES;
				CLANG_WARN__DUPLICATE_METHOD_MATCH = YES;
				COPY_PHASE_STRIP = YES;
				DEBUG_INFORMATION_FORMAT = "dwarf-with-dsym";
				ENABLE_NS_ASSERTIONS = NO;
				ENABLE_STRICT_OBJC_MSGSEND = YES;
				GCC_C_LANGUAGE_STANDARD = gnu99;
				GCC_WARN_64_TO_32_BIT_CONVERSION = YES;
				GCC_WARN_ABOUT_RETURN_TYPE = YES_ERROR;
				GCC_WARN_UNDECLARED_SELECTOR = YES;
				GCC_WARN_UNINITIALIZED_AUTOS = YES_AGGRESSIVE;
				GCC_WARN_UNUSED_FUNCTION = YES;
				GCC_WARN_UNUSED_VARIABLE = YES;
				MACOSX_DEPLOYMENT_TARGET = 10.9;
				MTL_ENABLE_DEBUG_INFO = NO;
				SDKROOT = macosx;
			};
			name = Release;
		};
		AEA48C811A0F5D4500A9247C /* Debug */ = {
			isa = XCBuildConfiguration;
			buildSettings = {
				PRODUCT_NAME = "$(TARGET_NAME)";
			};
			name = Debug;
		};
		AEA48C821A0F5D4500A9247C /* Release */ = {
			isa = XCBuildConfiguration;
			buildSettings = {
				PRODUCT_NAME = "$(TARGET_NAME)";
			};
			name = Release;
		};
/* End XCBuildConfiguration section */

/* Begin XCConfigurationList section */
		AEA48C741A0F5D4500A9247C /* Build configuration list for PBXProject "Adv2_3" */ = {
			isa = XCConfigurationList;
			buildConfigurations = (
				AEA48C7E1A0F5D4500A9247C /* Debug */,
				AEA48C7F1A0F5D4500A9247C /* Release */,
			);
			defaultConfigurationIsVisible = 0;
			defaultConfigurationName = Release;
		};
		AEA48C801A0F5D4500A9247C /* Build configuration list for PBXNativeTarget "Adv2_3" */ = {
			isa = XCConfigurationList;
			buildConfigurations = (
				AEA48C811A0F5D4500A9247C /* Debug */,
				AEA48C821A0F5D4500A9247C /* Release */,
			);
			defaultConfigurationIsVisible = 0;
			defaultConfigurationName = Release;
		};
/* End XCConfigurationList section */
	};
	rootObject = AEA48C711A0F5D4500A9247C /* Project object */;
}
